
Microsoft Visual Studio Solution File, Format Version 12.00
# Visual Studio 2013
VisualStudioVersion = 12.0.31101.0
MinimumVisualStudioVersion = 10.0.40219.1
Project("{FAE04EC0-301F-11D3-BF4B-00C04F79EFBC}") = "FindUnusedFiles_App", "FindUnusedFiles_App\FindUnusedFiles_App.csproj", "{53F310E3-E07A-4DFC-8128-70CE83DB8F68}"
EndProject
Project("{FAE04EC0-301F-11D3-BF4B-00C04F79EFBC}") = "FindUnusedFiles_VS", "FindUnusedFiles_VS\FindUnusedFiles_VS.csproj", "{875EEC49-C2CC-49F3-B0F1-700736735180}"
EndProject
Project("{2150E333-8FDC-42A3-9474-1A3956D46DE8}") = "github", "github", "{948C8FB0-116E-4B2F-A4D5-76D44A53C098}"
	ProjectSection(SolutionItems) = preProject
		.gitignore = .gitignore
		LICENSE = LICENSE
		README.md = README.md
	EndProjectSection
EndProject
Global
	GlobalSection(SolutionConfigurationPlatforms) = preSolution
		Debug|Any CPU = Debug|Any CPU
		Release|Any CPU = Release|Any CPU
	EndGlobalSection
	GlobalSection(ProjectConfigurationPlatforms) = postSolution
		{53F310E3-E07A-4DFC-8128-70CE83DB8F68}.Debug|Any CPU.ActiveCfg = Debug|Any CPU
		{53F310E3-E07A-4DFC-8128-70CE83DB8F68}.Debug|Any CPU.Build.0 = Debug|Any CPU
		{53F310E3-E07A-4DFC-8128-70CE83DB8F68}.Release|Any CPU.ActiveCfg = Release|Any CPU
		{53F310E3-E07A-4DFC-8128-70CE83DB8F68}.Release|Any CPU.Build.0 = Release|Any CPU
		{875EEC49-C2CC-49F3-B0F1-700736735180}.Debug|Any CPU.ActiveCfg = Debug|Any CPU
		{875EEC49-C2CC-49F3-B0F1-700736735180}.Debug|Any CPU.Build.0 = Debug|Any CPU
		{875EEC49-C2CC-49F3-B0F1-700736735180}.Release|Any CPU.ActiveCfg = Release|Any CPU
		{875EEC49-C2CC-49F3-B0F1-700736735180}.Release|Any CPU.Build.0 = Release|Any CPU
	EndGlobalSection
	GlobalSection(SolutionProperties) = preSolution
		HideSolutionNode = FALSE
	EndGlobalSection
EndGlobal
