
Microsoft Visual Studio Solution File, Format Version 12.00
# Visual Studio 14
VisualStudioVersion = 14.0.23107.0
MinimumVisualStudioVersion = 10.0.40219.1
Project("{2150E333-8FDC-42A3-9474-1A3956D46DE8}") = "root", "root", "{948C8FB0-116E-4B2F-A4D5-76D44A53C098}"
	ProjectSection(SolutionItems) = preProject
		.gitignore = .gitignore
		LICENSE = LICENSE
		README.md = README.md
		version.txt = version.txt
	EndProjectSection
EndProject
Project("{2150E333-8FDC-42A3-9474-1A3956D46DE8}") = "media", "media", "{23D542C7-B8C6-48A4-AF95-8C545AD6EAB5}"
	ProjectSection(SolutionItems) = preProject
		media\findunusedfiles-parse.png = media\findunusedfiles-parse.png
		media\findunusedfiles-thumb.png = media\findunusedfiles-thumb.png
		media\findunusedfiles-vs.png = media\findunusedfiles-vs.png
		media\findunusedfiles.png = media\findunusedfiles.png
		media\paypal-donate-yellow.svg = media\paypal-donate-yellow.svg
	EndProjectSection
EndProject
Project("{2150E333-8FDC-42A3-9474-1A3956D46DE8}") = "dist", "dist", "{2E8EC581-688A-4934-9583-4BE47902A393}"
	ProjectSection(SolutionItems) = preProject
		dist\FindUnusedFiles-1.3.1.vsix = dist\FindUnusedFiles-1.3.1.vsix
		dist\FindUnusedFiles-1.3.1.zip = dist\FindUnusedFiles-1.3.1.zip
		dist\FindUnusedFiles-1.3.2.vsix = dist\FindUnusedFiles-1.3.2.vsix
		dist\FindUnusedFiles-1.3.2.zip = dist\FindUnusedFiles-1.3.2.zip
		dist\FindUnusedFiles-1.3.vsix = dist\FindUnusedFiles-1.3.vsix
		dist\FindUnusedFiles-1.3.zip = dist\FindUnusedFiles-1.3.zip
		dist\readme.md = dist\readme.md
	EndProjectSection
EndProject
Project("{FAE04EC0-301F-11D3-BF4B-00C04F79EFBC}") = "FindUnusedFiles_App", "FindUnusedFiles_App\FindUnusedFiles_App.csproj", "{53F310E3-E07A-4DFC-8128-70CE83DB8F68}"
EndProject
Project("{FAE04EC0-301F-11D3-BF4B-00C04F79EFBC}") = "FindUnusedFiles_VS", "FindUnusedFiles_VS\FindUnusedFiles_VS.csproj", "{875EEC49-C2CC-49F3-B0F1-700736735180}"
EndProject
Global
	GlobalSection(SolutionConfigurationPlatforms) = preSolution
		Debug|Any CPU = Debug|Any CPU
		Release|Any CPU = Release|Any CPU
	EndGlobalSection
	GlobalSection(ProjectConfigurationPlatforms) = postSolution
		{53F310E3-E07A-4DFC-8128-70CE83DB8F68}.Debug|Any CPU.ActiveCfg = Debug|Any CPU
		{53F310E3-E07A-4DFC-8128-70CE83DB8F68}.Debug|Any CPU.Build.0 = Debug|Any CPU
		{53F310E3-E07A-4DFC-8128-70CE83DB8F68}.Release|Any CPU.ActiveCfg = Release|Any CPU
		{53F310E3-E07A-4DFC-8128-70CE83DB8F68}.Release|Any CPU.Build.0 = Release|Any CPU
		{875EEC49-C2CC-49F3-B0F1-700736735180}.Debug|Any CPU.ActiveCfg = Debug|Any CPU
		{875EEC49-C2CC-49F3-B0F1-700736735180}.Debug|Any CPU.Build.0 = Debug|Any CPU
		{875EEC49-C2CC-49F3-B0F1-700736735180}.Release|Any CPU.ActiveCfg = Release|Any CPU
		{875EEC49-C2CC-49F3-B0F1-700736735180}.Release|Any CPU.Build.0 = Release|Any CPU
	EndGlobalSection
	GlobalSection(SolutionProperties) = preSolution
		HideSolutionNode = FALSE
	EndGlobalSection
EndGlobal
